// !$*UTF8*$!
{
	archiveVersion = 1;
	classes = {
	};
	objectVersion = 51;
	objects = {

/* Begin PBXBuildFile section */
		A099070B337CEC81564E5984 /* Pods_RxKakaoTalk.framework in Frameworks */ = {isa = PBXBuildFile; fileRef = 271AD74775D954E34C4AE2A3 /* Pods_RxKakaoTalk.framework */; };
		A70B29AA25A2F0D900A2B37D /* AppDelegate.swift in Sources */ = {isa = PBXBuildFile; fileRef = A70B29A925A2F0D900A2B37D /* AppDelegate.swift */; };
		A70B29AC25A2F0D900A2B37D /* SceneDelegate.swift in Sources */ = {isa = PBXBuildFile; fileRef = A70B29AB25A2F0D900A2B37D /* SceneDelegate.swift */; };
		A70B29AE25A2F0D900A2B37D /* LoginViewController.swift in Sources */ = {isa = PBXBuildFile; fileRef = A70B29AD25A2F0D900A2B37D /* LoginViewController.swift */; };
		A70B29B125A2F0D900A2B37D /* Main.storyboard in Resources */ = {isa = PBXBuildFile; fileRef = A70B29AF25A2F0D900A2B37D /* Main.storyboard */; };
		A70B29B325A2F0DA00A2B37D /* Assets.xcassets in Resources */ = {isa = PBXBuildFile; fileRef = A70B29B225A2F0DA00A2B37D /* Assets.xcassets */; };
		A70B29B625A2F0DA00A2B37D /* LaunchScreen.storyboard in Resources */ = {isa = PBXBuildFile; fileRef = A70B29B425A2F0DA00A2B37D /* LaunchScreen.storyboard */; };
		A76CC18425A30C4500B8EEAA /* LoginViewModel.swift in Sources */ = {isa = PBXBuildFile; fileRef = A76CC18325A30C4500B8EEAA /* LoginViewModel.swift */; };
		A76CC18A25A30CBF00B8EEAA /* ViewControllerBindableType.swift in Sources */ = {isa = PBXBuildFile; fileRef = A76CC18925A30CBF00B8EEAA /* ViewControllerBindableType.swift */; };
		A77F0D7625A421A300779FED /* MainViewModel.swift in Sources */ = {isa = PBXBuildFile; fileRef = A77F0D7525A421A300779FED /* MainViewModel.swift */; };
		A77F0D7F25A422D000779FED /* TransitionStyle.swift in Sources */ = {isa = PBXBuildFile; fileRef = A77F0D7E25A422D000779FED /* TransitionStyle.swift */; };
		A77F0D8A25A425A100779FED /* MainViewController.swift in Sources */ = {isa = PBXBuildFile; fileRef = A77F0D8925A425A100779FED /* MainViewController.swift */; };
		A77F0D9025A435FE00779FED /* ViewModelType.swift in Sources */ = {isa = PBXBuildFile; fileRef = A77F0D8F25A435FE00779FED /* ViewModelType.swift */; };
		A7BA8E7325A2F362005F0F27 /* Scene.swift in Sources */ = {isa = PBXBuildFile; fileRef = A7BA8E7225A2F362005F0F27 /* Scene.swift */; };
		A7BA8E7625A2F371005F0F27 /* SceneCoordinator.swift in Sources */ = {isa = PBXBuildFile; fileRef = A7BA8E7525A2F371005F0F27 /* SceneCoordinator.swift */; };
		A7BA8E7925A2F388005F0F27 /* SceneCoordinatorType.swift in Sources */ = {isa = PBXBuildFile; fileRef = A7BA8E7825A2F388005F0F27 /* SceneCoordinatorType.swift */; };
		A7BA8E7C25A2F44A005F0F27 /* Friends.swift in Sources */ = {isa = PBXBuildFile; fileRef = A7BA8E7B25A2F44A005F0F27 /* Friends.swift */; };
		A7BA8E7F25A2F452005F0F27 /* Message.swift in Sources */ = {isa = PBXBuildFile; fileRef = A7BA8E7E25A2F452005F0F27 /* Message.swift */; };
/* End PBXBuildFile section */

/* Begin PBXFileReference section */
		271AD74775D954E34C4AE2A3 /* Pods_RxKakaoTalk.framework */ = {isa = PBXFileReference; explicitFileType = wrapper.framework; includeInIndex = 0; path = Pods_RxKakaoTalk.framework; sourceTree = BUILT_PRODUCTS_DIR; };
		74627AE71B06E2C1458CA80C /* Pods-RxKakaoTalk.release.xcconfig */ = {isa = PBXFileReference; includeInIndex = 1; lastKnownFileType = text.xcconfig; name = "Pods-RxKakaoTalk.release.xcconfig"; path = "Target Support Files/Pods-RxKakaoTalk/Pods-RxKakaoTalk.release.xcconfig"; sourceTree = "<group>"; };
		A70B29A625A2F0D900A2B37D /* RxKakaoTalk.app */ = {isa = PBXFileReference; explicitFileType = wrapper.application; includeInIndex = 0; path = RxKakaoTalk.app; sourceTree = BUILT_PRODUCTS_DIR; };
		A70B29A925A2F0D900A2B37D /* AppDelegate.swift */ = {isa = PBXFileReference; lastKnownFileType = sourcecode.swift; path = AppDelegate.swift; sourceTree = "<group>"; };
		A70B29AB25A2F0D900A2B37D /* SceneDelegate.swift */ = {isa = PBXFileReference; lastKnownFileType = sourcecode.swift; path = SceneDelegate.swift; sourceTree = "<group>"; };
		A70B29AD25A2F0D900A2B37D /* LoginViewController.swift */ = {isa = PBXFileReference; lastKnownFileType = sourcecode.swift; path = LoginViewController.swift; sourceTree = "<group>"; };
		A70B29B025A2F0D900A2B37D /* Base */ = {isa = PBXFileReference; lastKnownFileType = file.storyboard; name = Base; path = Base.lproj/Main.storyboard; sourceTree = "<group>"; };
		A70B29B225A2F0DA00A2B37D /* Assets.xcassets */ = {isa = PBXFileReference; lastKnownFileType = folder.assetcatalog; path = Assets.xcassets; sourceTree = "<group>"; };
		A70B29B525A2F0DA00A2B37D /* Base */ = {isa = PBXFileReference; lastKnownFileType = file.storyboard; name = Base; path = Base.lproj/LaunchScreen.storyboard; sourceTree = "<group>"; };
		A70B29B725A2F0DA00A2B37D /* Info.plist */ = {isa = PBXFileReference; lastKnownFileType = text.plist.xml; path = Info.plist; sourceTree = "<group>"; };
		A76CC18325A30C4500B8EEAA /* LoginViewModel.swift */ = {isa = PBXFileReference; lastKnownFileType = sourcecode.swift; path = LoginViewModel.swift; sourceTree = "<group>"; };
		A76CC18925A30CBF00B8EEAA /* ViewControllerBindableType.swift */ = {isa = PBXFileReference; lastKnownFileType = sourcecode.swift; path = ViewControllerBindableType.swift; sourceTree = "<group>"; };
		A77F0D7525A421A300779FED /* MainViewModel.swift */ = {isa = PBXFileReference; lastKnownFileType = sourcecode.swift; path = MainViewModel.swift; sourceTree = "<group>"; };
		A77F0D7E25A422D000779FED /* TransitionStyle.swift */ = {isa = PBXFileReference; lastKnownFileType = sourcecode.swift; path = TransitionStyle.swift; sourceTree = "<group>"; };
		A77F0D8925A425A100779FED /* MainViewController.swift */ = {isa = PBXFileReference; lastKnownFileType = sourcecode.swift; path = MainViewController.swift; sourceTree = "<group>"; };
		A77F0D8F25A435FE00779FED /* ViewModelType.swift */ = {isa = PBXFileReference; lastKnownFileType = sourcecode.swift; path = ViewModelType.swift; sourceTree = "<group>"; };
		A7BA8E7225A2F362005F0F27 /* Scene.swift */ = {isa = PBXFileReference; lastKnownFileType = sourcecode.swift; path = Scene.swift; sourceTree = "<group>"; };
		A7BA8E7525A2F371005F0F27 /* SceneCoordinator.swift */ = {isa = PBXFileReference; lastKnownFileType = sourcecode.swift; path = SceneCoordinator.swift; sourceTree = "<group>"; };
		A7BA8E7825A2F388005F0F27 /* SceneCoordinatorType.swift */ = {isa = PBXFileReference; lastKnownFileType = sourcecode.swift; path = SceneCoordinatorType.swift; sourceTree = "<group>"; };
		A7BA8E7B25A2F44A005F0F27 /* Friends.swift */ = {isa = PBXFileReference; lastKnownFileType = sourcecode.swift; path = Friends.swift; sourceTree = "<group>"; };
		A7BA8E7E25A2F452005F0F27 /* Message.swift */ = {isa = PBXFileReference; lastKnownFileType = sourcecode.swift; path = Message.swift; sourceTree = "<group>"; };
		E28EF8CF15AA5C45DA78AF6D /* Pods-RxKakaoTalk.debug.xcconfig */ = {isa = PBXFileReference; includeInIndex = 1; lastKnownFileType = text.xcconfig; name = "Pods-RxKakaoTalk.debug.xcconfig"; path = "Target Support Files/Pods-RxKakaoTalk/Pods-RxKakaoTalk.debug.xcconfig"; sourceTree = "<group>"; };
/* End PBXFileReference section */

/* Begin PBXFrameworksBuildPhase section */
		A70B29A325A2F0D900A2B37D /* Frameworks */ = {
			isa = PBXFrameworksBuildPhase;
			buildActionMask = 2147483647;
			files = (
				A099070B337CEC81564E5984 /* Pods_RxKakaoTalk.framework in Frameworks */,
			);
			runOnlyForDeploymentPostprocessing = 0;
		};
/* End PBXFrameworksBuildPhase section */

/* Begin PBXGroup section */
		01E9F17D57A863715275438D /* Pods */ = {
			isa = PBXGroup;
			children = (
				E28EF8CF15AA5C45DA78AF6D /* Pods-RxKakaoTalk.debug.xcconfig */,
				74627AE71B06E2C1458CA80C /* Pods-RxKakaoTalk.release.xcconfig */,
			);
			path = Pods;
			sourceTree = "<group>";
		};
		9097A5ABB411C515716A6EBC /* Frameworks */ = {
			isa = PBXGroup;
			children = (
				271AD74775D954E34C4AE2A3 /* Pods_RxKakaoTalk.framework */,
			);
			name = Frameworks;
			sourceTree = "<group>";
		};
		A70B299D25A2F0D900A2B37D = {
			isa = PBXGroup;
			children = (
				A70B29A825A2F0D900A2B37D /* RxKakaoTalk */,
				A70B29A725A2F0D900A2B37D /* Products */,
				01E9F17D57A863715275438D /* Pods */,
				9097A5ABB411C515716A6EBC /* Frameworks */,
			);
			sourceTree = "<group>";
		};
		A70B29A725A2F0D900A2B37D /* Products */ = {
			isa = PBXGroup;
			children = (
				A70B29A625A2F0D900A2B37D /* RxKakaoTalk.app */,
			);
			name = Products;
			sourceTree = "<group>";
		};
		A70B29A825A2F0D900A2B37D /* RxKakaoTalk */ = {
			isa = PBXGroup;
			children = (
				A7C9A7F125A2F198005E57BE /* ViewController */,
				A7C9A7F025A2F194005E57BE /* Model */,
				A7C9A7EF25A2F192005E57BE /* ViewModel */,
				A7C9A7EE25A2F18E005E57BE /* Scene */,
				A70B29A925A2F0D900A2B37D /* AppDelegate.swift */,
				A70B29AB25A2F0D900A2B37D /* SceneDelegate.swift */,
				A70B29B225A2F0DA00A2B37D /* Assets.xcassets */,
				A70B29B725A2F0DA00A2B37D /* Info.plist */,
			);
			path = RxKakaoTalk;
			sourceTree = "<group>";
		};
		A7C9A7EE25A2F18E005E57BE /* Scene */ = {
			isa = PBXGroup;
			children = (
				A7BA8E7225A2F362005F0F27 /* Scene.swift */,
				A7BA8E7525A2F371005F0F27 /* SceneCoordinator.swift */,
				A7BA8E7825A2F388005F0F27 /* SceneCoordinatorType.swift */,
				A77F0D7E25A422D000779FED /* TransitionStyle.swift */,
			);
			path = Scene;
			sourceTree = "<group>";
		};
		A7C9A7EF25A2F192005E57BE /* ViewModel */ = {
			isa = PBXGroup;
			children = (
				A76CC18325A30C4500B8EEAA /* LoginViewModel.swift */,
				A77F0D7525A421A300779FED /* MainViewModel.swift */,
				A77F0D8F25A435FE00779FED /* ViewModelType.swift */,
			);
			path = ViewModel;
			sourceTree = "<group>";
		};
		A7C9A7F025A2F194005E57BE /* Model */ = {
			isa = PBXGroup;
			children = (
				A7BA8E7B25A2F44A005F0F27 /* Friends.swift */,
				A7BA8E7E25A2F452005F0F27 /* Message.swift */,
			);
			name = Model;
			sourceTree = "<group>";
		};
		A7C9A7F125A2F198005E57BE /* ViewController */ = {
			isa = PBXGroup;
			children = (
				A70B29B425A2F0DA00A2B37D /* LaunchScreen.storyboard */,
				A70B29AF25A2F0D900A2B37D /* Main.storyboard */,
				A70B29AD25A2F0D900A2B37D /* LoginViewController.swift */,
				A76CC18925A30CBF00B8EEAA /* ViewControllerBindableType.swift */,
				A77F0D8925A425A100779FED /* MainViewController.swift */,
			);
			path = ViewController;
			sourceTree = "<group>";
		};
/* End PBXGroup section */

/* Begin PBXNativeTarget section */
		A70B29A525A2F0D900A2B37D /* RxKakaoTalk */ = {
			isa = PBXNativeTarget;
			buildConfigurationList = A70B29BA25A2F0DA00A2B37D /* Build configuration list for PBXNativeTarget "RxKakaoTalk" */;
			buildPhases = (
				3A6C12961B99746F99103DFA /* [CP] Check Pods Manifest.lock */,
				A70B29A225A2F0D900A2B37D /* Sources */,
				A70B29A325A2F0D900A2B37D /* Frameworks */,
				A70B29A425A2F0D900A2B37D /* Resources */,
				DC91504D860BF0A930226EDD /* [CP] Embed Pods Frameworks */,
			);
			buildRules = (
			);
			dependencies = (
			);
			name = RxKakaoTalk;
			productName = RxKakaoTalk;
			productReference = A70B29A625A2F0D900A2B37D /* RxKakaoTalk.app */;
			productType = "com.apple.product-type.application";
		};
/* End PBXNativeTarget section */

/* Begin PBXProject section */
		A70B299E25A2F0D900A2B37D /* Project object */ = {
			isa = PBXProject;
			attributes = {
				LastSwiftUpdateCheck = 1230;
				LastUpgradeCheck = 1230;
				TargetAttributes = {
					A70B29A525A2F0D900A2B37D = {
						CreatedOnToolsVersion = 12.3;
					};
				};
			};
			buildConfigurationList = A70B29A125A2F0D900A2B37D /* Build configuration list for PBXProject "RxKakaoTalk" */;
			compatibilityVersion = "Xcode 9.3";
			developmentRegion = en;
			hasScannedForEncodings = 0;
			knownRegions = (
				en,
				Base,
			);
			mainGroup = A70B299D25A2F0D900A2B37D;
			productRefGroup = A70B29A725A2F0D900A2B37D /* Products */;
			projectDirPath = "";
			projectRoot = "";
			targets = (
				A70B29A525A2F0D900A2B37D /* RxKakaoTalk */,
			);
		};
/* End PBXProject section */

/* Begin PBXResourcesBuildPhase section */
		A70B29A425A2F0D900A2B37D /* Resources */ = {
			isa = PBXResourcesBuildPhase;
			buildActionMask = 2147483647;
			files = (
				A70B29B625A2F0DA00A2B37D /* LaunchScreen.storyboard in Resources */,
				A70B29B325A2F0DA00A2B37D /* Assets.xcassets in Resources */,
				A70B29B125A2F0D900A2B37D /* Main.storyboard in Resources */,
			);
			runOnlyForDeploymentPostprocessing = 0;
		};
/* End PBXResourcesBuildPhase section */

/* Begin PBXShellScriptBuildPhase section */
		3A6C12961B99746F99103DFA /* [CP] Check Pods Manifest.lock */ = {
			isa = PBXShellScriptBuildPhase;
			buildActionMask = 2147483647;
			files = (
			);
			inputFileListPaths = (
			);
			inputPaths = (
				"${PODS_PODFILE_DIR_PATH}/Podfile.lock",
				"${PODS_ROOT}/Manifest.lock",
			);
			name = "[CP] Check Pods Manifest.lock";
			outputFileListPaths = (
			);
			outputPaths = (
				"$(DERIVED_FILE_DIR)/Pods-RxKakaoTalk-checkManifestLockResult.txt",
			);
			runOnlyForDeploymentPostprocessing = 0;
			shellPath = /bin/sh;
			shellScript = "diff \"${PODS_PODFILE_DIR_PATH}/Podfile.lock\" \"${PODS_ROOT}/Manifest.lock\" > /dev/null\nif [ $? != 0 ] ; then\n    # print error to STDERR\n    echo \"error: The sandbox is not in sync with the Podfile.lock. Run 'pod install' or update your CocoaPods installation.\" >&2\n    exit 1\nfi\n# This output is used by Xcode 'outputs' to avoid re-running this script phase.\necho \"SUCCESS\" > \"${SCRIPT_OUTPUT_FILE_0}\"\n";
			showEnvVarsInLog = 0;
		};
		DC91504D860BF0A930226EDD /* [CP] Embed Pods Frameworks */ = {
			isa = PBXShellScriptBuildPhase;
			buildActionMask = 2147483647;
			files = (
			);
			inputFileListPaths = (
				"${PODS_ROOT}/Target Support Files/Pods-RxKakaoTalk/Pods-RxKakaoTalk-frameworks-${CONFIGURATION}-input-files.xcfilelist",
			);
			name = "[CP] Embed Pods Frameworks";
			outputFileListPaths = (
				"${PODS_ROOT}/Target Support Files/Pods-RxKakaoTalk/Pods-RxKakaoTalk-frameworks-${CONFIGURATION}-output-files.xcfilelist",
			);
			runOnlyForDeploymentPostprocessing = 0;
			shellPath = /bin/sh;
			shellScript = "\"${PODS_ROOT}/Target Support Files/Pods-RxKakaoTalk/Pods-RxKakaoTalk-frameworks.sh\"\n";
			showEnvVarsInLog = 0;
		};
/* End PBXShellScriptBuildPhase section */

/* Begin PBXSourcesBuildPhase section */
		A70B29A225A2F0D900A2B37D /* Sources */ = {
			isa = PBXSourcesBuildPhase;
			buildActionMask = 2147483647;
			files = (
				A7BA8E7325A2F362005F0F27 /* Scene.swift in Sources */,
				A77F0D7625A421A300779FED /* MainViewModel.swift in Sources */,
				A7BA8E7C25A2F44A005F0F27 /* Friends.swift in Sources */,
				A77F0D7F25A422D000779FED /* TransitionStyle.swift in Sources */,
				A7BA8E7625A2F371005F0F27 /* SceneCoordinator.swift in Sources */,
				A70B29AE25A2F0D900A2B37D /* LoginViewController.swift in Sources */,
				A77F0D9025A435FE00779FED /* ViewModelType.swift in Sources */,
				A70B29AA25A2F0D900A2B37D /* AppDelegate.swift in Sources */,
				A77F0D8A25A425A100779FED /* MainViewController.swift in Sources */,
				A7BA8E7F25A2F452005F0F27 /* Message.swift in Sources */,
				A70B29AC25A2F0D900A2B37D /* SceneDelegate.swift in Sources */,
				A7BA8E7925A2F388005F0F27 /* SceneCoordinatorType.swift in Sources */,
				A76CC18A25A30CBF00B8EEAA /* ViewControllerBindableType.swift in Sources */,
				A76CC18425A30C4500B8EEAA /* LoginViewModel.swift in Sources */,
			);
			runOnlyForDeploymentPostprocessing = 0;
		};
/* End PBXSourcesBuildPhase section */

/* Begin PBXVariantGroup section */
		A70B29AF25A2F0D900A2B37D /* Main.storyboard */ = {
			isa = PBXVariantGroup;
			children = (
				A70B29B025A2F0D900A2B37D /* Base */,
			);
			name = Main.storyboard;
			sourceTree = "<group>";
		};
		A70B29B425A2F0DA00A2B37D /* LaunchScreen.storyboard */ = {
			isa = PBXVariantGroup;
			children = (
				A70B29B525A2F0DA00A2B37D /* Base */,
			);
			name = LaunchScreen.storyboard;
			sourceTree = "<group>";
		};
/* End PBXVariantGroup section */

/* Begin XCBuildConfiguration section */
		A70B29B825A2F0DA00A2B37D /* Debug */ = {
			isa = XCBuildConfiguration;
			buildSettings = {
				ALWAYS_SEARCH_USER_PATHS = NO;
				CLANG_ANALYZER_NONNULL = YES;
				CLANG_ANALYZER_NUMBER_OBJECT_CONVERSION = YES_AGGRESSIVE;
				CLANG_CXX_LANGUAGE_STANDARD = "gnu++14";
				CLANG_CXX_LIBRARY = "libc++";
				CLANG_ENABLE_MODULES = YES;
				CLANG_ENABLE_OBJC_ARC = YES;
				CLANG_ENABLE_OBJC_WEAK = YES;
				CLANG_WARN_BLOCK_CAPTURE_AUTORELEASING = YES;
				CLANG_WARN_BOOL_CONVERSION = YES;
				CLANG_WARN_COMMA = YES;
				CLANG_WARN_CONSTANT_CONVERSION = YES;
				CLANG_WARN_DEPRECATED_OBJC_IMPLEMENTATIONS = YES;
				CLANG_WARN_DIRECT_OBJC_ISA_USAGE = YES_ERROR;
				CLANG_WARN_DOCUMENTATION_COMMENTS = YES;
				CLANG_WARN_EMPTY_BODY = YES;
				CLANG_WARN_ENUM_CONVERSION = YES;
				CLANG_WARN_INFINITE_RECURSION = YES;
				CLANG_WARN_INT_CONVERSION = YES;
				CLANG_WARN_NON_LITERAL_NULL_CONVERSION = YES;
				CLANG_WARN_OBJC_IMPLICIT_RETAIN_SELF = YES;
				CLANG_WARN_OBJC_LITERAL_CONVERSION = YES;
				CLANG_WARN_OBJC_ROOT_CLASS = YES_ERROR;
				CLANG_WARN_QUOTED_INCLUDE_IN_FRAMEWORK_HEADER = YES;
				CLANG_WARN_RANGE_LOOP_ANALYSIS = YES;
				CLANG_WARN_STRICT_PROTOTYPES = YES;
				CLANG_WARN_SUSPICIOUS_MOVE = YES;
				CLANG_WARN_UNGUARDED_AVAILABILITY = YES_AGGRESSIVE;
				CLANG_WARN_UNREACHABLE_CODE = YES;
				CLANG_WARN__DUPLICATE_METHOD_MATCH = YES;
				COPY_PHASE_STRIP = NO;
				DEBUG_INFORMATION_FORMAT = dwarf;
				ENABLE_STRICT_OBJC_MSGSEND = YES;
				ENABLE_TESTABILITY = YES;
				GCC_C_LANGUAGE_STANDARD = gnu11;
				GCC_DYNAMIC_NO_PIC = NO;
				GCC_NO_COMMON_BLOCKS = YES;
				GCC_OPTIMIZATION_LEVEL = 0;
				GCC_PREPROCESSOR_DEFINITIONS = (
					"DEBUG=1",
					"$(inherited)",
				);
				GCC_WARN_64_TO_32_BIT_CONVERSION = YES;
				GCC_WARN_ABOUT_RETURN_TYPE = YES_ERROR;
				GCC_WARN_UNDECLARED_SELECTOR = YES;
				GCC_WARN_UNINITIALIZED_AUTOS = YES_AGGRESSIVE;
				GCC_WARN_UNUSED_FUNCTION = YES;
				GCC_WARN_UNUSED_VARIABLE = YES;
				IPHONEOS_DEPLOYMENT_TARGET = 14.3;
				MTL_ENABLE_DEBUG_INFO = INCLUDE_SOURCE;
				MTL_FAST_MATH = YES;
				ONLY_ACTIVE_ARCH = YES;
				SDKROOT = iphoneos;
				SWIFT_ACTIVE_COMPILATION_CONDITIONS = DEBUG;
				SWIFT_OPTIMIZATION_LEVEL = "-Onone";
			};
			name = Debug;
		};
		A70B29B925A2F0DA00A2B37D /* Release */ = {
			isa = XCBuildConfiguration;
			buildSettings = {
				ALWAYS_SEARCH_USER_PATHS = NO;
				CLANG_ANALYZER_NONNULL = YES;
				CLANG_ANALYZER_NUMBER_OBJECT_CONVERSION = YES_AGGRESSIVE;
				CLANG_CXX_LANGUAGE_STANDARD = "gnu++14";
				CLANG_CXX_LIBRARY = "libc++";
				CLANG_ENABLE_MODULES = YES;
				CLANG_ENABLE_OBJC_ARC = YES;
				CLANG_ENABLE_OBJC_WEAK = YES;
				CLANG_WARN_BLOCK_CAPTURE_AUTORELEASING = YES;
				CLANG_WARN_BOOL_CONVERSION = YES;
				CLANG_WARN_COMMA = YES;
				CLANG_WARN_CONSTANT_CONVERSION = YES;
				CLANG_WARN_DEPRECATED_OBJC_IMPLEMENTATIONS = YES;
				CLANG_WARN_DIRECT_OBJC_ISA_USAGE = YES_ERROR;
				CLANG_WARN_DOCUMENTATION_COMMENTS = YES;
				CLANG_WARN_EMPTY_BODY = YES;
				CLANG_WARN_ENUM_CONVERSION = YES;
				CLANG_WARN_INFINITE_RECURSION = YES;
				CLANG_WARN_INT_CONVERSION = YES;
				CLANG_WARN_NON_LITERAL_NULL_CONVERSION = YES;
				CLANG_WARN_OBJC_IMPLICIT_RETAIN_SELF = YES;
				CLANG_WARN_OBJC_LITERAL_CONVERSION = YES;
				CLANG_WARN_OBJC_ROOT_CLASS = YES_ERROR;
				CLANG_WARN_QUOTED_INCLUDE_IN_FRAMEWORK_HEADER = YES;
				CLANG_WARN_RANGE_LOOP_ANALYSIS = YES;
				CLANG_WARN_STRICT_PROTOTYPES = YES;
				CLANG_WARN_SUSPICIOUS_MOVE = YES;
				CLANG_WARN_UNGUARDED_AVAILABILITY = YES_AGGRESSIVE;
				CLANG_WARN_UNREACHABLE_CODE = YES;
				CLANG_WARN__DUPLICATE_METHOD_MATCH = YES;
				COPY_PHASE_STRIP = NO;
				DEBUG_INFORMATION_FORMAT = "dwarf-with-dsym";
				ENABLE_NS_ASSERTIONS = NO;
				ENABLE_STRICT_OBJC_MSGSEND = YES;
				GCC_C_LANGUAGE_STANDARD = gnu11;
				GCC_NO_COMMON_BLOCKS = YES;
				GCC_WARN_64_TO_32_BIT_CONVERSION = YES;
				GCC_WARN_ABOUT_RETURN_TYPE = YES_ERROR;
				GCC_WARN_UNDECLARED_SELECTOR = YES;
				GCC_WARN_UNINITIALIZED_AUTOS = YES_AGGRESSIVE;
				GCC_WARN_UNUSED_FUNCTION = YES;
				GCC_WARN_UNUSED_VARIABLE = YES;
				IPHONEOS_DEPLOYMENT_TARGET = 14.3;
				MTL_ENABLE_DEBUG_INFO = NO;
				MTL_FAST_MATH = YES;
				SDKROOT = iphoneos;
				SWIFT_COMPILATION_MODE = wholemodule;
				SWIFT_OPTIMIZATION_LEVEL = "-O";
				VALIDATE_PRODUCT = YES;
			};
			name = Release;
		};
		A70B29BB25A2F0DA00A2B37D /* Debug */ = {
			isa = XCBuildConfiguration;
			baseConfigurationReference = E28EF8CF15AA5C45DA78AF6D /* Pods-RxKakaoTalk.debug.xcconfig */;
			buildSettings = {
				ASSETCATALOG_COMPILER_APPICON_NAME = AppIcon;
				ASSETCATALOG_COMPILER_GLOBAL_ACCENT_COLOR_NAME = AccentColor;
				CODE_SIGN_ENTITLEMENTS = RxKakaoTalk/RxKakaoTalk.entitlements;
				CODE_SIGN_IDENTITY = "Apple Development";
				CODE_SIGN_STYLE = Automatic;
				DEVELOPMENT_TEAM = CH57QT784A;
				INFOPLIST_FILE = RxKakaoTalk/Info.plist;
				LD_RUNPATH_SEARCH_PATHS = (
					"$(inherited)",
					"@executable_path/Frameworks",
				);
				PRODUCT_BUNDLE_IDENTIFIER = JH.RxKakaoTalk;
				PRODUCT_NAME = "$(TARGET_NAME)";
				PROVISIONING_PROFILE_SPECIFIER = "";
				SWIFT_VERSION = 5.0;
				TARGETED_DEVICE_FAMILY = "1,2";
			};
			name = Debug;
		};
		A70B29BC25A2F0DA00A2B37D /* Release */ = {
			isa = XCBuildConfiguration;
			baseConfigurationReference = 74627AE71B06E2C1458CA80C /* Pods-RxKakaoTalk.release.xcconfig */;
			buildSettings = {
				ASSETCATALOG_COMPILER_APPICON_NAME = AppIcon;
				ASSETCATALOG_COMPILER_GLOBAL_ACCENT_COLOR_NAME = AccentColor;
				CODE_SIGN_ENTITLEMENTS = RxKakaoTalk/RxKakaoTalk.entitlements;
				CODE_SIGN_IDENTITY = "Apple Development";
				CODE_SIGN_STYLE = Automatic;
				DEVELOPMENT_TEAM = CH57QT784A;
				INFOPLIST_FILE = RxKakaoTalk/Info.plist;
				LD_RUNPATH_SEARCH_PATHS = (
					"$(inherited)",
					"@executable_path/Frameworks",
				);
				PRODUCT_BUNDLE_IDENTIFIER = JH.RxKakaoTalk;
				PRODUCT_NAME = "$(TARGET_NAME)";
				PROVISIONING_PROFILE_SPECIFIER = "";
				SWIFT_VERSION = 5.0;
				TARGETED_DEVICE_FAMILY = "1,2";
			};
			name = Release;
		};
/* End XCBuildConfiguration section */

/* Begin XCConfigurationList section */
		A70B29A125A2F0D900A2B37D /* Build configuration list for PBXProject "RxKakaoTalk" */ = {
			isa = XCConfigurationList;
			buildConfigurations = (
				A70B29B825A2F0DA00A2B37D /* Debug */,
				A70B29B925A2F0DA00A2B37D /* Release */,
			);
			defaultConfigurationIsVisible = 0;
			defaultConfigurationName = Release;
		};
		A70B29BA25A2F0DA00A2B37D /* Build configuration list for PBXNativeTarget "RxKakaoTalk" */ = {
			isa = XCConfigurationList;
			buildConfigurations = (
				A70B29BB25A2F0DA00A2B37D /* Debug */,
				A70B29BC25A2F0DA00A2B37D /* Release */,
			);
			defaultConfigurationIsVisible = 0;
			defaultConfigurationName = Release;
		};
/* End XCConfigurationList section */
	};
	rootObject = A70B299E25A2F0D900A2B37D /* Project object */;
}
