// !$*UTF8*$!
{
	archiveVersion = 1;
	classes = {
	};
	objectVersion = 50;
	objects = {

/* Begin PBXBuildFile section */
		A70B29AA25A2F0D900A2B37D /* AppDelegate.swift in Sources */ = {isa = PBXBuildFile; fileRef = A70B29A925A2F0D900A2B37D /* AppDelegate.swift */; };
		A70B29AC25A2F0D900A2B37D /* SceneDelegate.swift in Sources */ = {isa = PBXBuildFile; fileRef = A70B29AB25A2F0D900A2B37D /* SceneDelegate.swift */; };
		A70B29AE25A2F0D900A2B37D /* ViewController.swift in Sources */ = {isa = PBXBuildFile; fileRef = A70B29AD25A2F0D900A2B37D /* ViewController.swift */; };
		A70B29B125A2F0D900A2B37D /* Main.storyboard in Resources */ = {isa = PBXBuildFile; fileRef = A70B29AF25A2F0D900A2B37D /* Main.storyboard */; };
		A70B29B325A2F0DA00A2B37D /* Assets.xcassets in Resources */ = {isa = PBXBuildFile; fileRef = A70B29B225A2F0DA00A2B37D /* Assets.xcassets */; };
		A70B29B625A2F0DA00A2B37D /* LaunchScreen.storyboard in Resources */ = {isa = PBXBuildFile; fileRef = A70B29B425A2F0DA00A2B37D /* LaunchScreen.storyboard */; };
/* End PBXBuildFile section */

/* Begin PBXFileReference section */
		A70B29A625A2F0D900A2B37D /* RxKakaoTalk.app */ = {isa = PBXFileReference; explicitFileType = wrapper.application; includeInIndex = 0; path = RxKakaoTalk.app; sourceTree = BUILT_PRODUCTS_DIR; };
		A70B29A925A2F0D900A2B37D /* AppDelegate.swift */ = {isa = PBXFileReference; lastKnownFileType = sourcecode.swift; path = AppDelegate.swift; sourceTree = "<group>"; };
		A70B29AB25A2F0D900A2B37D /* SceneDelegate.swift */ = {isa = PBXFileReference; lastKnownFileType = sourcecode.swift; path = SceneDelegate.swift; sourceTree = "<group>"; };
		A70B29AD25A2F0D900A2B37D /* ViewController.swift */ = {isa = PBXFileReference; lastKnownFileType = sourcecode.swift; path = ViewController.swift; sourceTree = "<group>"; };
		A70B29B025A2F0D900A2B37D /* Base */ = {isa = PBXFileReference; lastKnownFileType = file.storyboard; name = Base; path = Base.lproj/Main.storyboard; sourceTree = "<group>"; };
		A70B29B225A2F0DA00A2B37D /* Assets.xcassets */ = {isa = PBXFileReference; lastKnownFileType = folder.assetcatalog; path = Assets.xcassets; sourceTree = "<group>"; };
		A70B29B525A2F0DA00A2B37D /* Base */ = {isa = PBXFileReference; lastKnownFileType = file.storyboard; name = Base; path = Base.lproj/LaunchScreen.storyboard; sourceTree = "<group>"; };
		A70B29B725A2F0DA00A2B37D /* Info.plist */ = {isa = PBXFileReference; lastKnownFileType = text.plist.xml; path = Info.plist; sourceTree = "<group>"; };
/* End PBXFileReference section */

/* Begin PBXFrameworksBuildPhase section */
		A70B29A325A2F0D900A2B37D /* Frameworks */ = {
			isa = PBXFrameworksBuildPhase;
			buildActionMask = 2147483647;
			files = (
			);
			runOnlyForDeploymentPostprocessing = 0;
		};
/* End PBXFrameworksBuildPhase section */

/* Begin PBXGroup section */
		A70B299D25A2F0D900A2B37D = {
			isa = PBXGroup;
			children = (
				A70B29A825A2F0D900A2B37D /* RxKakaoTalk */,
				A70B29A725A2F0D900A2B37D /* Products */,
			);
			sourceTree = "<group>";
		};
		A70B29A725A2F0D900A2B37D /* Products */ = {
			isa = PBXGroup;
			children = (
				A70B29A625A2F0D900A2B37D /* RxKakaoTalk.app */,
			);
			name = Products;
			sourceTree = "<group>";
		};
		A70B29A825A2F0D900A2B37D /* RxKakaoTalk */ = {
			isa = PBXGroup;
			children = (
				A70B29A925A2F0D900A2B37D /* AppDelegate.swift */,
				A70B29AB25A2F0D900A2B37D /* SceneDelegate.swift */,
				A70B29AD25A2F0D900A2B37D /* ViewController.swift */,
				A70B29AF25A2F0D900A2B37D /* Main.storyboard */,
				A70B29B225A2F0DA00A2B37D /* Assets.xcassets */,
				A70B29B425A2F0DA00A2B37D /* LaunchScreen.storyboard */,
				A70B29B725A2F0DA00A2B37D /* Info.plist */,
			);
			path = RxKakaoTalk;
			sourceTree = "<group>";
		};
/* End PBXGroup section */

/* Begin PBXNativeTarget section */
		A70B29A525A2F0D900A2B37D /* RxKakaoTalk */ = {
			isa = PBXNativeTarget;
			buildConfigurationList = A70B29BA25A2F0DA00A2B37D /* Build configuration list for PBXNativeTarget "RxKakaoTalk" */;
			buildPhases = (
				A70B29A225A2F0D900A2B37D /* Sources */,
				A70B29A325A2F0D900A2B37D /* Frameworks */,
				A70B29A425A2F0D900A2B37D /* Resources */,
			);
			buildRules = (
			);
			dependencies = (
			);
			name = RxKakaoTalk;
			productName = RxKakaoTalk;
			productReference = A70B29A625A2F0D900A2B37D /* RxKakaoTalk.app */;
			productType = "com.apple.product-type.application";
		};
/* End PBXNativeTarget section */

/* Begin PBXProject section */
		A70B299E25A2F0D900A2B37D /* Project object */ = {
			isa = PBXProject;
			attributes = {
				LastSwiftUpdateCheck = 1230;
				LastUpgradeCheck = 1230;
				TargetAttributes = {
					A70B29A525A2F0D900A2B37D = {
						CreatedOnToolsVersion = 12.3;
					};
				};
			};
			buildConfigurationList = A70B29A125A2F0D900A2B37D /* Build configuration list for PBXProject "RxKakaoTalk" */;
			compatibilityVersion = "Xcode 9.3";
			developmentRegion = en;
			hasScannedForEncodings = 0;
			knownRegions = (
				en,
				Base,
			);
			mainGroup = A70B299D25A2F0D900A2B37D;
			productRefGroup = A70B29A725A2F0D900A2B37D /* Products */;
			projectDirPath = "";
			projectRoot = "";
			targets = (
				A70B29A525A2F0D900A2B37D /* RxKakaoTalk */,
			);
		};
/* End PBXProject section */

/* Begin PBXResourcesBuildPhase section */
		A70B29A425A2F0D900A2B37D /* Resources */ = {
			isa = PBXResourcesBuildPhase;
			buildActionMask = 2147483647;
			files = (
				A70B29B625A2F0DA00A2B37D /* LaunchScreen.storyboard in Resources */,
				A70B29B325A2F0DA00A2B37D /* Assets.xcassets in Resources */,
				A70B29B125A2F0D900A2B37D /* Main.storyboard in Resources */,
			);
			runOnlyForDeploymentPostprocessing = 0;
		};
/* End PBXResourcesBuildPhase section */

/* Begin PBXSourcesBuildPhase section */
		A70B29A225A2F0D900A2B37D /* Sources */ = {
			isa = PBXSourcesBuildPhase;
			buildActionMask = 2147483647;
			files = (
				A70B29AE25A2F0D900A2B37D /* ViewController.swift in Sources */,
				A70B29AA25A2F0D900A2B37D /* AppDelegate.swift in Sources */,
				A70B29AC25A2F0D900A2B37D /* SceneDelegate.swift in Sources */,
			);
			runOnlyForDeploymentPostprocessing = 0;
		};
/* End PBXSourcesBuildPhase section */

/* Begin PBXVariantGroup section */
		A70B29AF25A2F0D900A2B37D /* Main.storyboard */ = {
			isa = PBXVariantGroup;
			children = (
				A70B29B025A2F0D900A2B37D /* Base */,
			);
			name = Main.storyboard;
			sourceTree = "<group>";
		};
		A70B29B425A2F0DA00A2B37D /* LaunchScreen.storyboard */ = {
			isa = PBXVariantGroup;
			children = (
				A70B29B525A2F0DA00A2B37D /* Base */,
			);
			name = LaunchScreen.storyboard;
			sourceTree = "<group>";
		};
/* End PBXVariantGroup section */

/* Begin XCBuildConfiguration section */
		A70B29B825A2F0DA00A2B37D /* Debug */ = {
			isa = XCBuildConfiguration;
			buildSettings = {
				ALWAYS_SEARCH_USER_PATHS = NO;
				CLANG_ANALYZER_NONNULL = YES;
				CLANG_ANALYZER_NUMBER_OBJECT_CONVERSION = YES_AGGRESSIVE;
				CLANG_CXX_LANGUAGE_STANDARD = "gnu++14";
				CLANG_CXX_LIBRARY = "libc++";
				CLANG_ENABLE_MODULES = YES;
				CLANG_ENABLE_OBJC_ARC = YES;
				CLANG_ENABLE_OBJC_WEAK = YES;
				CLANG_WARN_BLOCK_CAPTURE_AUTORELEASING = YES;
				CLANG_WARN_BOOL_CONVERSION = YES;
				CLANG_WARN_COMMA = YES;
				CLANG_WARN_CONSTANT_CONVERSION = YES;
				CLANG_WARN_DEPRECATED_OBJC_IMPLEMENTATIONS = YES;
				CLANG_WARN_DIRECT_OBJC_ISA_USAGE = YES_ERROR;
				CLANG_WARN_DOCUMENTATION_COMMENTS = YES;
				CLANG_WARN_EMPTY_BODY = YES;
				CLANG_WARN_ENUM_CONVERSION = YES;
				CLANG_WARN_INFINITE_RECURSION = YES;
				CLANG_WARN_INT_CONVERSION = YES;
				CLANG_WARN_NON_LITERAL_NULL_CONVERSION = YES;
				CLANG_WARN_OBJC_IMPLICIT_RETAIN_SELF = YES;
				CLANG_WARN_OBJC_LITERAL_CONVERSION = YES;
				CLANG_WARN_OBJC_ROOT_CLASS = YES_ERROR;
				CLANG_WARN_QUOTED_INCLUDE_IN_FRAMEWORK_HEADER = YES;
				CLANG_WARN_RANGE_LOOP_ANALYSIS = YES;
				CLANG_WARN_STRICT_PROTOTYPES = YES;
				CLANG_WARN_SUSPICIOUS_MOVE = YES;
				CLANG_WARN_UNGUARDED_AVAILABILITY = YES_AGGRESSIVE;
				CLANG_WARN_UNREACHABLE_CODE = YES;
				CLANG_WARN__DUPLICATE_METHOD_MATCH = YES;
				COPY_PHASE_STRIP = NO;
				DEBUG_INFORMATION_FORMAT = dwarf;
				ENABLE_STRICT_OBJC_MSGSEND = YES;
				ENABLE_TESTABILITY = YES;
				GCC_C_LANGUAGE_STANDARD = gnu11;
				GCC_DYNAMIC_NO_PIC = NO;
				GCC_NO_COMMON_BLOCKS = YES;
				GCC_OPTIMIZATION_LEVEL = 0;
				GCC_PREPROCESSOR_DEFINITIONS = (
					"DEBUG=1",
					"$(inherited)",
				);
				GCC_WARN_64_TO_32_BIT_CONVERSION = YES;
				GCC_WARN_ABOUT_RETURN_TYPE = YES_ERROR;
				GCC_WARN_UNDECLARED_SELECTOR = YES;
				GCC_WARN_UNINITIALIZED_AUTOS = YES_AGGRESSIVE;
				GCC_WARN_UNUSED_FUNCTION = YES;
				GCC_WARN_UNUSED_VARIABLE = YES;
				IPHONEOS_DEPLOYMENT_TARGET = 14.3;
				MTL_ENABLE_DEBUG_INFO = INCLUDE_SOURCE;
				MTL_FAST_MATH = YES;
				ONLY_ACTIVE_ARCH = YES;
				SDKROOT = iphoneos;
				SWIFT_ACTIVE_COMPILATION_CONDITIONS = DEBUG;
				SWIFT_OPTIMIZATION_LEVEL = "-Onone";
			};
			name = Debug;
		};
		A70B29B925A2F0DA00A2B37D /* Release */ = {
			isa = XCBuildConfiguration;
			buildSettings = {
				ALWAYS_SEARCH_USER_PATHS = NO;
				CLANG_ANALYZER_NONNULL = YES;
				CLANG_ANALYZER_NUMBER_OBJECT_CONVERSION = YES_AGGRESSIVE;
				CLANG_CXX_LANGUAGE_STANDARD = "gnu++14";
				CLANG_CXX_LIBRARY = "libc++";
				CLANG_ENABLE_MODULES = YES;
				CLANG_ENABLE_OBJC_ARC = YES;
				CLANG_ENABLE_OBJC_WEAK = YES;
				CLANG_WARN_BLOCK_CAPTURE_AUTORELEASING = YES;
				CLANG_WARN_BOOL_CONVERSION = YES;
				CLANG_WARN_COMMA = YES;
				CLANG_WARN_CONSTANT_CONVERSION = YES;
				CLANG_WARN_DEPRECATED_OBJC_IMPLEMENTATIONS = YES;
				CLANG_WARN_DIRECT_OBJC_ISA_USAGE = YES_ERROR;
				CLANG_WARN_DOCUMENTATION_COMMENTS = YES;
				CLANG_WARN_EMPTY_BODY = YES;
				CLANG_WARN_ENUM_CONVERSION = YES;
				CLANG_WARN_INFINITE_RECURSION = YES;
				CLANG_WARN_INT_CONVERSION = YES;
				CLANG_WARN_NON_LITERAL_NULL_CONVERSION = YES;
				CLANG_WARN_OBJC_IMPLICIT_RETAIN_SELF = YES;
				CLANG_WARN_OBJC_LITERAL_CONVERSION = YES;
				CLANG_WARN_OBJC_ROOT_CLASS = YES_ERROR;
				CLANG_WARN_QUOTED_INCLUDE_IN_FRAMEWORK_HEADER = YES;
				CLANG_WARN_RANGE_LOOP_ANALYSIS = YES;
				CLANG_WARN_STRICT_PROTOTYPES = YES;
				CLANG_WARN_SUSPICIOUS_MOVE = YES;
				CLANG_WARN_UNGUARDED_AVAILABILITY = YES_AGGRESSIVE;
				CLANG_WARN_UNREACHABLE_CODE = YES;
				CLANG_WARN__DUPLICATE_METHOD_MATCH = YES;
				COPY_PHASE_STRIP = NO;
				DEBUG_INFORMATION_FORMAT = "dwarf-with-dsym";
				ENABLE_NS_ASSERTIONS = NO;
				ENABLE_STRICT_OBJC_MSGSEND = YES;
				GCC_C_LANGUAGE_STANDARD = gnu11;
				GCC_NO_COMMON_BLOCKS = YES;
				GCC_WARN_64_TO_32_BIT_CONVERSION = YES;
				GCC_WARN_ABOUT_RETURN_TYPE = YES_ERROR;
				GCC_WARN_UNDECLARED_SELECTOR = YES;
				GCC_WARN_UNINITIALIZED_AUTOS = YES_AGGRESSIVE;
				GCC_WARN_UNUSED_FUNCTION = YES;
				GCC_WARN_UNUSED_VARIABLE = YES;
				IPHONEOS_DEPLOYMENT_TARGET = 14.3;
				MTL_ENABLE_DEBUG_INFO = NO;
				MTL_FAST_MATH = YES;
				SDKROOT = iphoneos;
				SWIFT_COMPILATION_MODE = wholemodule;
				SWIFT_OPTIMIZATION_LEVEL = "-O";
				VALIDATE_PRODUCT = YES;
			};
			name = Release;
		};
		A70B29BB25A2F0DA00A2B37D /* Debug */ = {
			isa = XCBuildConfiguration;
			buildSettings = {
				ASSETCATALOG_COMPILER_APPICON_NAME = AppIcon;
				ASSETCATALOG_COMPILER_GLOBAL_ACCENT_COLOR_NAME = AccentColor;
				CODE_SIGN_STYLE = Automatic;
				DEVELOPMENT_TEAM = CH57QT784A;
				INFOPLIST_FILE = RxKakaoTalk/Info.plist;
				LD_RUNPATH_SEARCH_PATHS = (
					"$(inherited)",
					"@executable_path/Frameworks",
				);
				PRODUCT_BUNDLE_IDENTIFIER = JH.RxKakaoTalk;
				PRODUCT_NAME = "$(TARGET_NAME)";
				SWIFT_VERSION = 5.0;
				TARGETED_DEVICE_FAMILY = "1,2";
			};
			name = Debug;
		};
		A70B29BC25A2F0DA00A2B37D /* Release */ = {
			isa = XCBuildConfiguration;
			buildSettings = {
				ASSETCATALOG_COMPILER_APPICON_NAME = AppIcon;
				ASSETCATALOG_COMPILER_GLOBAL_ACCENT_COLOR_NAME = AccentColor;
				CODE_SIGN_STYLE = Automatic;
				DEVELOPMENT_TEAM = CH57QT784A;
				INFOPLIST_FILE = RxKakaoTalk/Info.plist;
				LD_RUNPATH_SEARCH_PATHS = (
					"$(inherited)",
					"@executable_path/Frameworks",
				);
				PRODUCT_BUNDLE_IDENTIFIER = JH.RxKakaoTalk;
				PRODUCT_NAME = "$(TARGET_NAME)";
				SWIFT_VERSION = 5.0;
				TARGETED_DEVICE_FAMILY = "1,2";
			};
			name = Release;
		};
/* End XCBuildConfiguration section */

/* Begin XCConfigurationList section */
		A70B29A125A2F0D900A2B37D /* Build configuration list for PBXProject "RxKakaoTalk" */ = {
			isa = XCConfigurationList;
			buildConfigurations = (
				A70B29B825A2F0DA00A2B37D /* Debug */,
				A70B29B925A2F0DA00A2B37D /* Release */,
			);
			defaultConfigurationIsVisible = 0;
			defaultConfigurationName = Release;
		};
		A70B29BA25A2F0DA00A2B37D /* Build configuration list for PBXNativeTarget "RxKakaoTalk" */ = {
			isa = XCConfigurationList;
			buildConfigurations = (
				A70B29BB25A2F0DA00A2B37D /* Debug */,
				A70B29BC25A2F0DA00A2B37D /* Release */,
			);
			defaultConfigurationIsVisible = 0;
			defaultConfigurationName = Release;
		};
/* End XCConfigurationList section */
	};
	rootObject = A70B299E25A2F0D900A2B37D /* Project object */;
}
